<?xml version="1.0" encoding="utf-8"?>
<Project ToolsVersion="4.0" xmlns="http://schemas.microsoft.com/developer/msbuild/2003">
  <ItemGroup>
    <Filter Include="LUA">
      <UniqueIdentifier>{bdc0a317-ebe1-4c13-953f-4a8e8655ae44}</UniqueIdentifier>
    </Filter>
  </ItemGroup>
  <ItemGroup>
    <ClCompile Include="Lua\Toolset2D_Module_wrapper.cpp">
      <Filter>LUA</Filter>
    </ClCompile>
    <ClCompile Include="SpriteEntity.cpp" />
    <ClCompile Include="Toolset2D_EnginePlugin.cpp" />
    <ClCompile Include="Toolset2D_EnginePluginPCH.cpp" />
    <ClCompile Include="Camera2dEntity.cpp" />
    <ClCompile Include="HavokSetup.cxx" />
    <ClCompile Include="Toolset2dManager.cpp" />
  </ItemGroup>
  <ItemGroup>
    <ClInclude Include="SpriteEntity.hpp" />
    <ClInclude Include="Toolset2D_EnginePluginPCH.h" />
    <ClInclude Include="Vision\Runtime\EnginePlugins\VisionEnginePlugin\Scripting\Lua\Toolset2D_Module_wrapper.hpp">
      <Filter>LUA</Filter>
    </ClInclude>
    <ClInclude Include="Camera2dEntity.hpp" />
    <ClInclude Include="Toolset2dManager.hpp" />
  </ItemGroup>
  <ItemGroup>
    <None Include="Lua\SpriteEntity.i">
      <Filter>LUA</Filter>
    </None>
    <None Include="Lua\SpriteManager.i">
      <Filter>LUA</Filter>
    </None>
  </ItemGroup>
  <ItemGroup>
    <CustomBuild Include="Lua\Toolset2D_Module.i">
      <Filter>LUA</Filter>
    </CustomBuild>
  </ItemGroup>
</Project>