<?xml version="1.0" encoding="utf-8"?>
<Project ToolsVersion="4.0" xmlns="http://schemas.microsoft.com/developer/msbuild/2003">
  <ItemGroup>
    <ClCompile Include="SpriteEnginePlugin.cpp" />
    <ClCompile Include="SpriteShapeEnginePluginPCH.cpp" />
    <ClCompile Include="VNode.cpp" />
    <ClCompile Include="Entities\SpriteEntity.cpp">
      <Filter>Entities</Filter>
    </ClCompile>
  </ItemGroup>
  <ItemGroup>
    <ClInclude Include="SpriteShapeEnginePluginPCH.h" />
    <ClInclude Include="VNode.hpp" />
    <ClInclude Include="Entities\SpriteEntity.hpp">
      <Filter>Entities</Filter>
    </ClInclude>
  </ItemGroup>
  <ItemGroup>
    <Filter Include="Entities">
      <UniqueIdentifier>{58f54dec-6c90-4586-a985-dd648ca3f1c1}</UniqueIdentifier>
    </Filter>
  </ItemGroup>
</Project>